// !$*UTF8*$!
{
	archiveVersion = 1;
	classes = {
	};
	objectVersion = 48;
	objects = {

/* Begin PBXBuildFile section */
		048634A92137ED94001F98FE /* AppDelegate.swift in Sources */ = {isa = PBXBuildFile; fileRef = 048634A82137ED94001F98FE /* AppDelegate.swift */; };
		048634AB2137ED94001F98FE /* ViewController.swift in Sources */ = {isa = PBXBuildFile; fileRef = 048634AA2137ED94001F98FE /* ViewController.swift */; };
		048634AE2137ED94001F98FE /* Main.storyboard in Resources */ = {isa = PBXBuildFile; fileRef = 048634AC2137ED94001F98FE /* Main.storyboard */; };
		048634B02137ED94001F98FE /* Assets.xcassets in Resources */ = {isa = PBXBuildFile; fileRef = 048634AF2137ED94001F98FE /* Assets.xcassets */; };
		048634B32137ED94001F98FE /* LaunchScreen.storyboard in Resources */ = {isa = PBXBuildFile; fileRef = 048634B12137ED94001F98FE /* LaunchScreen.storyboard */; };
		048634BE2137ED95001F98FE /* mapsTests.swift in Sources */ = {isa = PBXBuildFile; fileRef = 048634BD2137ED95001F98FE /* mapsTests.swift */; };
		048634C92137ED95001F98FE /* mapsUITests.swift in Sources */ = {isa = PBXBuildFile; fileRef = 048634C82137ED95001F98FE /* mapsUITests.swift */; };
		8DC54C4769619DE469708E09 /* Pods_maps.framework in Frameworks */ = {isa = PBXBuildFile; fileRef = A9FC72C6B2DE3967E4813B7A /* Pods_maps.framework */; };
		9D9622C3730C282FA4A56542 /* Pods_mapsTests.framework in Frameworks */ = {isa = PBXBuildFile; fileRef = 3EA0BC8CA2004FBF87E2E32E /* Pods_mapsTests.framework */; };
		F500630B5256C0EE6ED43C48 /* Pods_mapsUITests.framework in Frameworks */ = {isa = PBXBuildFile; fileRef = A11D33E2DD36FF16FAC089D2 /* Pods_mapsUITests.framework */; };
/* End PBXBuildFile section */

/* Begin PBXContainerItemProxy section */
		048634BA2137ED95001F98FE /* PBXContainerItemProxy */ = {
			isa = PBXContainerItemProxy;
			containerPortal = 0486349D2137ED94001F98FE /* Project object */;
			proxyType = 1;
			remoteGlobalIDString = 048634A42137ED94001F98FE;
			remoteInfo = maps;
		};
		048634C52137ED95001F98FE /* PBXContainerItemProxy */ = {
			isa = PBXContainerItemProxy;
			containerPortal = 0486349D2137ED94001F98FE /* Project object */;
			proxyType = 1;
			remoteGlobalIDString = 048634A42137ED94001F98FE;
			remoteInfo = maps;
		};
/* End PBXContainerItemProxy section */

/* Begin PBXFileReference section */
		00AF19AE96F2ECF6A98C26DD /* Pods-mapsTests.release.xcconfig */ = {isa = PBXFileReference; includeInIndex = 1; lastKnownFileType = text.xcconfig; name = "Pods-mapsTests.release.xcconfig"; path = "Pods/Target Support Files/Pods-mapsTests/Pods-mapsTests.release.xcconfig"; sourceTree = "<group>"; };
		048634A52137ED94001F98FE /* maps.app */ = {isa = PBXFileReference; explicitFileType = wrapper.application; includeInIndex = 0; path = maps.app; sourceTree = BUILT_PRODUCTS_DIR; };
		048634A82137ED94001F98FE /* AppDelegate.swift */ = {isa = PBXFileReference; lastKnownFileType = sourcecode.swift; path = AppDelegate.swift; sourceTree = "<group>"; };
		048634AA2137ED94001F98FE /* ViewController.swift */ = {isa = PBXFileReference; lastKnownFileType = sourcecode.swift; path = ViewController.swift; sourceTree = "<group>"; };
		048634AD2137ED94001F98FE /* Base */ = {isa = PBXFileReference; lastKnownFileType = file.storyboard; name = Base; path = Base.lproj/Main.storyboard; sourceTree = "<group>"; };
		048634AF2137ED94001F98FE /* Assets.xcassets */ = {isa = PBXFileReference; lastKnownFileType = folder.assetcatalog; path = Assets.xcassets; sourceTree = "<group>"; };
		048634B22137ED94001F98FE /* Base */ = {isa = PBXFileReference; lastKnownFileType = file.storyboard; name = Base; path = Base.lproj/LaunchScreen.storyboard; sourceTree = "<group>"; };
		048634B42137ED94001F98FE /* Info.plist */ = {isa = PBXFileReference; lastKnownFileType = text.plist.xml; path = Info.plist; sourceTree = "<group>"; };
		048634B92137ED95001F98FE /* mapsTests.xctest */ = {isa = PBXFileReference; explicitFileType = wrapper.cfbundle; includeInIndex = 0; path = mapsTests.xctest; sourceTree = BUILT_PRODUCTS_DIR; };
		048634BD2137ED95001F98FE /* mapsTests.swift */ = {isa = PBXFileReference; lastKnownFileType = sourcecode.swift; path = mapsTests.swift; sourceTree = "<group>"; };
		048634BF2137ED95001F98FE /* Info.plist */ = {isa = PBXFileReference; lastKnownFileType = text.plist.xml; path = Info.plist; sourceTree = "<group>"; };
		048634C42137ED95001F98FE /* mapsUITests.xctest */ = {isa = PBXFileReference; explicitFileType = wrapper.cfbundle; includeInIndex = 0; path = mapsUITests.xctest; sourceTree = BUILT_PRODUCTS_DIR; };
		048634C82137ED95001F98FE /* mapsUITests.swift */ = {isa = PBXFileReference; lastKnownFileType = sourcecode.swift; path = mapsUITests.swift; sourceTree = "<group>"; };
		048634CA2137ED95001F98FE /* Info.plist */ = {isa = PBXFileReference; lastKnownFileType = text.plist.xml; path = Info.plist; sourceTree = "<group>"; };
		0763FCD13893C85180156A26 /* Pods-maps.debug.xcconfig */ = {isa = PBXFileReference; includeInIndex = 1; lastKnownFileType = text.xcconfig; name = "Pods-maps.debug.xcconfig"; path = "Pods/Target Support Files/Pods-maps/Pods-maps.debug.xcconfig"; sourceTree = "<group>"; };
		07E662714ACC3DD766716227 /* Pods-mapsUITests.release.xcconfig */ = {isa = PBXFileReference; includeInIndex = 1; lastKnownFileType = text.xcconfig; name = "Pods-mapsUITests.release.xcconfig"; path = "Pods/Target Support Files/Pods-mapsUITests/Pods-mapsUITests.release.xcconfig"; sourceTree = "<group>"; };
		3EA0BC8CA2004FBF87E2E32E /* Pods_mapsTests.framework */ = {isa = PBXFileReference; explicitFileType = wrapper.framework; includeInIndex = 0; path = Pods_mapsTests.framework; sourceTree = BUILT_PRODUCTS_DIR; };
		848BD3150DCC788B1C2EFF0C /* Pods-mapsTests.debug.xcconfig */ = {isa = PBXFileReference; includeInIndex = 1; lastKnownFileType = text.xcconfig; name = "Pods-mapsTests.debug.xcconfig"; path = "Pods/Target Support Files/Pods-mapsTests/Pods-mapsTests.debug.xcconfig"; sourceTree = "<group>"; };
		A11D33E2DD36FF16FAC089D2 /* Pods_mapsUITests.framework */ = {isa = PBXFileReference; explicitFileType = wrapper.framework; includeInIndex = 0; path = Pods_mapsUITests.framework; sourceTree = BUILT_PRODUCTS_DIR; };
		A9FC72C6B2DE3967E4813B7A /* Pods_maps.framework */ = {isa = PBXFileReference; explicitFileType = wrapper.framework; includeInIndex = 0; path = Pods_maps.framework; sourceTree = BUILT_PRODUCTS_DIR; };
		DD6699554EAC4B7FA8D2EE9D /* Pods-mapsUITests.debug.xcconfig */ = {isa = PBXFileReference; includeInIndex = 1; lastKnownFileType = text.xcconfig; name = "Pods-mapsUITests.debug.xcconfig"; path = "Pods/Target Support Files/Pods-mapsUITests/Pods-mapsUITests.debug.xcconfig"; sourceTree = "<group>"; };
		FB06FF6DEC6BE6926A3D1122 /* Pods-maps.release.xcconfig */ = {isa = PBXFileReference; includeInIndex = 1; lastKnownFileType = text.xcconfig; name = "Pods-maps.release.xcconfig"; path = "Pods/Target Support Files/Pods-maps/Pods-maps.release.xcconfig"; sourceTree = "<group>"; };
/* End PBXFileReference section */

/* Begin PBXFrameworksBuildPhase section */
		048634A22137ED94001F98FE /* Frameworks */ = {
			isa = PBXFrameworksBuildPhase;
			buildActionMask = 2147483647;
			files = (
				8DC54C4769619DE469708E09 /* Pods_maps.framework in Frameworks */,
			);
			runOnlyForDeploymentPostprocessing = 0;
		};
		048634B62137ED95001F98FE /* Frameworks */ = {
			isa = PBXFrameworksBuildPhase;
			buildActionMask = 2147483647;
			files = (
				9D9622C3730C282FA4A56542 /* Pods_mapsTests.framework in Frameworks */,
			);
			runOnlyForDeploymentPostprocessing = 0;
		};
		048634C12137ED95001F98FE /* Frameworks */ = {
			isa = PBXFrameworksBuildPhase;
			buildActionMask = 2147483647;
			files = (
				F500630B5256C0EE6ED43C48 /* Pods_mapsUITests.framework in Frameworks */,
			);
			runOnlyForDeploymentPostprocessing = 0;
		};
/* End PBXFrameworksBuildPhase section */

/* Begin PBXGroup section */
		0486349C2137ED94001F98FE = {
			isa = PBXGroup;
			children = (
				048634A72137ED94001F98FE /* maps */,
				048634BC2137ED95001F98FE /* mapsTests */,
				048634C72137ED95001F98FE /* mapsUITests */,
				048634A62137ED94001F98FE /* Products */,
				D6229A770149BD6AFB95A63B /* Pods */,
				DB6076B6602BA96785079685 /* Frameworks */,
			);
			sourceTree = "<group>";
		};
		048634A62137ED94001F98FE /* Products */ = {
			isa = PBXGroup;
			children = (
				048634A52137ED94001F98FE /* maps.app */,
				048634B92137ED95001F98FE /* mapsTests.xctest */,
				048634C42137ED95001F98FE /* mapsUITests.xctest */,
			);
			name = Products;
			sourceTree = "<group>";
		};
		048634A72137ED94001F98FE /* maps */ = {
			isa = PBXGroup;
			children = (
				048634A82137ED94001F98FE /* AppDelegate.swift */,
				048634AA2137ED94001F98FE /* ViewController.swift */,
				048634AC2137ED94001F98FE /* Main.storyboard */,
				048634AF2137ED94001F98FE /* Assets.xcassets */,
				048634B12137ED94001F98FE /* LaunchScreen.storyboard */,
				048634B42137ED94001F98FE /* Info.plist */,
			);
			path = maps;
			sourceTree = "<group>";
		};
		048634BC2137ED95001F98FE /* mapsTests */ = {
			isa = PBXGroup;
			children = (
				048634BD2137ED95001F98FE /* mapsTests.swift */,
				048634BF2137ED95001F98FE /* Info.plist */,
			);
			path = mapsTests;
			sourceTree = "<group>";
		};
		048634C72137ED95001F98FE /* mapsUITests */ = {
			isa = PBXGroup;
			children = (
				048634C82137ED95001F98FE /* mapsUITests.swift */,
				048634CA2137ED95001F98FE /* Info.plist */,
			);
			path = mapsUITests;
			sourceTree = "<group>";
		};
		D6229A770149BD6AFB95A63B /* Pods */ = {
			isa = PBXGroup;
			children = (
				0763FCD13893C85180156A26 /* Pods-maps.debug.xcconfig */,
				FB06FF6DEC6BE6926A3D1122 /* Pods-maps.release.xcconfig */,
				848BD3150DCC788B1C2EFF0C /* Pods-mapsTests.debug.xcconfig */,
				00AF19AE96F2ECF6A98C26DD /* Pods-mapsTests.release.xcconfig */,
				DD6699554EAC4B7FA8D2EE9D /* Pods-mapsUITests.debug.xcconfig */,
				07E662714ACC3DD766716227 /* Pods-mapsUITests.release.xcconfig */,
			);
			name = Pods;
			sourceTree = "<group>";
		};
		DB6076B6602BA96785079685 /* Frameworks */ = {
			isa = PBXGroup;
			children = (
				A9FC72C6B2DE3967E4813B7A /* Pods_maps.framework */,
				3EA0BC8CA2004FBF87E2E32E /* Pods_mapsTests.framework */,
				A11D33E2DD36FF16FAC089D2 /* Pods_mapsUITests.framework */,
			);
			name = Frameworks;
			sourceTree = "<group>";
		};
/* End PBXGroup section */

/* Begin PBXNativeTarget section */
		048634A42137ED94001F98FE /* maps */ = {
			isa = PBXNativeTarget;
			buildConfigurationList = 048634CD2137ED95001F98FE /* Build configuration list for PBXNativeTarget "maps" */;
			buildPhases = (
				3E0CC202208BB158B40F4110 /* [CP] Check Pods Manifest.lock */,
				048634A12137ED94001F98FE /* Sources */,
				048634A22137ED94001F98FE /* Frameworks */,
				048634A32137ED94001F98FE /* Resources */,
				69C68F548DD3CB7020EACD40 /* [CP] Embed Pods Frameworks */,
				861502134A6CA5BA13DC41ED /* [CP] Copy Pods Resources */,
			);
			buildRules = (
			);
			dependencies = (
			);
			name = maps;
			productName = maps;
			productReference = 048634A52137ED94001F98FE /* maps.app */;
			productType = "com.apple.product-type.application";
		};
		048634B82137ED95001F98FE /* mapsTests */ = {
			isa = PBXNativeTarget;
			buildConfigurationList = 048634D02137ED95001F98FE /* Build configuration list for PBXNativeTarget "mapsTests" */;
			buildPhases = (
				DFDA8821F6CCBB069A89F2D5 /* [CP] Check Pods Manifest.lock */,
				048634B52137ED95001F98FE /* Sources */,
				048634B62137ED95001F98FE /* Frameworks */,
				048634B72137ED95001F98FE /* Resources */,
				B9454A2ED7FDF3305DC88DB6 /* [CP] Embed Pods Frameworks */,
				696E8679549ACD7BD733FBDC /* [CP] Copy Pods Resources */,
			);
			buildRules = (
			);
			dependencies = (
				048634BB2137ED95001F98FE /* PBXTargetDependency */,
			);
			name = mapsTests;
			productName = mapsTests;
			productReference = 048634B92137ED95001F98FE /* mapsTests.xctest */;
			productType = "com.apple.product-type.bundle.unit-test";
		};
		048634C32137ED95001F98FE /* mapsUITests */ = {
			isa = PBXNativeTarget;
			buildConfigurationList = 048634D32137ED95001F98FE /* Build configuration list for PBXNativeTarget "mapsUITests" */;
			buildPhases = (
				EDFAAD32CA921AC4E9D850AE /* [CP] Check Pods Manifest.lock */,
				048634C02137ED95001F98FE /* Sources */,
				048634C12137ED95001F98FE /* Frameworks */,
				048634C22137ED95001F98FE /* Resources */,
				684166B38558E665EA6B58E7 /* [CP] Embed Pods Frameworks */,
				F4E2CC28899C0C9CCA562151 /* [CP] Copy Pods Resources */,
			);
			buildRules = (
			);
			dependencies = (
				048634C62137ED95001F98FE /* PBXTargetDependency */,
			);
			name = mapsUITests;
			productName = mapsUITests;
			productReference = 048634C42137ED95001F98FE /* mapsUITests.xctest */;
			productType = "com.apple.product-type.bundle.ui-testing";
		};
/* End PBXNativeTarget section */

/* Begin PBXProject section */
		0486349D2137ED94001F98FE /* Project object */ = {
			isa = PBXProject;
			attributes = {
				LastSwiftUpdateCheck = 0920;
				LastUpgradeCheck = 0920;
				ORGANIZATIONNAME = brn.developers;
				TargetAttributes = {
					048634A42137ED94001F98FE = {
						CreatedOnToolsVersion = 9.2;
						ProvisioningStyle = Automatic;
					};
					048634B82137ED95001F98FE = {
						CreatedOnToolsVersion = 9.2;
						ProvisioningStyle = Automatic;
						TestTargetID = 048634A42137ED94001F98FE;
					};
					048634C32137ED95001F98FE = {
						CreatedOnToolsVersion = 9.2;
						ProvisioningStyle = Automatic;
						TestTargetID = 048634A42137ED94001F98FE;
					};
				};
			};
			buildConfigurationList = 048634A02137ED94001F98FE /* Build configuration list for PBXProject "maps" */;
			compatibilityVersion = "Xcode 8.0";
			developmentRegion = en;
			hasScannedForEncodings = 0;
			knownRegions = (
				en,
				Base,
			);
			mainGroup = 0486349C2137ED94001F98FE;
			productRefGroup = 048634A62137ED94001F98FE /* Products */;
			projectDirPath = "";
			projectRoot = "";
			targets = (
				048634A42137ED94001F98FE /* maps */,
				048634B82137ED95001F98FE /* mapsTests */,
				048634C32137ED95001F98FE /* mapsUITests */,
			);
		};
/* End PBXProject section */

/* Begin PBXResourcesBuildPhase section */
		048634A32137ED94001F98FE /* Resources */ = {
			isa = PBXResourcesBuildPhase;
			buildActionMask = 2147483647;
			files = (
				048634B32137ED94001F98FE /* LaunchScreen.storyboard in Resources */,
				048634B02137ED94001F98FE /* Assets.xcassets in Resources */,
				048634AE2137ED94001F98FE /* Main.storyboard in Resources */,
			);
			runOnlyForDeploymentPostprocessing = 0;
		};
		048634B72137ED95001F98FE /* Resources */ = {
			isa = PBXResourcesBuildPhase;
			buildActionMask = 2147483647;
			files = (
			);
			runOnlyForDeploymentPostprocessing = 0;
		};
		048634C22137ED95001F98FE /* Resources */ = {
			isa = PBXResourcesBuildPhase;
			buildActionMask = 2147483647;
			files = (
			);
			runOnlyForDeploymentPostprocessing = 0;
		};
/* End PBXResourcesBuildPhase section */

/* Begin PBXShellScriptBuildPhase section */
		3E0CC202208BB158B40F4110 /* [CP] Check Pods Manifest.lock */ = {
			isa = PBXShellScriptBuildPhase;
			buildActionMask = 2147483647;
			files = (
			);
			inputPaths = (
				"${PODS_PODFILE_DIR_PATH}/Podfile.lock",
				"${PODS_ROOT}/Manifest.lock",
			);
			name = "[CP] Check Pods Manifest.lock";
			outputPaths = (
				"$(DERIVED_FILE_DIR)/Pods-maps-checkManifestLockResult.txt",
			);
			runOnlyForDeploymentPostprocessing = 0;
			shellPath = /bin/sh;
			shellScript = "diff \"${PODS_PODFILE_DIR_PATH}/Podfile.lock\" \"${PODS_ROOT}/Manifest.lock\" > /dev/null\nif [ $? != 0 ] ; then\n    # print error to STDERR\n    echo \"error: The sandbox is not in sync with the Podfile.lock. Run 'pod install' or update your CocoaPods installation.\" >&2\n    exit 1\nfi\n# This output is used by Xcode 'outputs' to avoid re-running this script phase.\necho \"SUCCESS\" > \"${SCRIPT_OUTPUT_FILE_0}\"\n";
			showEnvVarsInLog = 0;
		};
		684166B38558E665EA6B58E7 /* [CP] Embed Pods Frameworks */ = {
			isa = PBXShellScriptBuildPhase;
			buildActionMask = 2147483647;
			files = (
			);
			inputPaths = (
			);
			name = "[CP] Embed Pods Frameworks";
			outputPaths = (
			);
			runOnlyForDeploymentPostprocessing = 0;
			shellPath = /bin/sh;
			shellScript = "\"${SRCROOT}/Pods/Target Support Files/Pods-mapsUITests/Pods-mapsUITests-frameworks.sh\"\n";
			showEnvVarsInLog = 0;
		};
		696E8679549ACD7BD733FBDC /* [CP] Copy Pods Resources */ = {
			isa = PBXShellScriptBuildPhase;
			buildActionMask = 2147483647;
			files = (
			);
			inputPaths = (
			);
			name = "[CP] Copy Pods Resources";
			outputPaths = (
			);
			runOnlyForDeploymentPostprocessing = 0;
			shellPath = /bin/sh;
			shellScript = "\"${SRCROOT}/Pods/Target Support Files/Pods-mapsTests/Pods-mapsTests-resources.sh\"\n";
			showEnvVarsInLog = 0;
		};
		69C68F548DD3CB7020EACD40 /* [CP] Embed Pods Frameworks */ = {
			isa = PBXShellScriptBuildPhase;
			buildActionMask = 2147483647;
			files = (
			);
			inputPaths = (
			);
			name = "[CP] Embed Pods Frameworks";
			outputPaths = (
			);
			runOnlyForDeploymentPostprocessing = 0;
			shellPath = /bin/sh;
			shellScript = "\"${SRCROOT}/Pods/Target Support Files/Pods-maps/Pods-maps-frameworks.sh\"\n";
			showEnvVarsInLog = 0;
		};
		861502134A6CA5BA13DC41ED /* [CP] Copy Pods Resources */ = {
			isa = PBXShellScriptBuildPhase;
			buildActionMask = 2147483647;
			files = (
			);
			inputPaths = (
				"${SRCROOT}/Pods/Target Support Files/Pods-maps/Pods-maps-resources.sh",
				"${PODS_ROOT}/GoogleMaps/Maps/Frameworks/GoogleMaps.framework/Resources/GoogleMaps.bundle",
				"${PODS_ROOT}/GooglePlaces/Frameworks/GooglePlaces.framework/Resources/GooglePlaces.bundle",
			);
			name = "[CP] Copy Pods Resources";
			outputPaths = (
				"${TARGET_BUILD_DIR}/${UNLOCALIZED_RESOURCES_FOLDER_PATH}/GoogleMaps.bundle",
				"${TARGET_BUILD_DIR}/${UNLOCALIZED_RESOURCES_FOLDER_PATH}/GooglePlaces.bundle",
			);
			runOnlyForDeploymentPostprocessing = 0;
			shellPath = /bin/sh;
			shellScript = "\"${SRCROOT}/Pods/Target Support Files/Pods-maps/Pods-maps-resources.sh\"\n";
			showEnvVarsInLog = 0;
		};
		B9454A2ED7FDF3305DC88DB6 /* [CP] Embed Pods Frameworks */ = {
			isa = PBXShellScriptBuildPhase;
			buildActionMask = 2147483647;
			files = (
			);
			inputPaths = (
			);
			name = "[CP] Embed Pods Frameworks";
			outputPaths = (
			);
			runOnlyForDeploymentPostprocessing = 0;
			shellPath = /bin/sh;
			shellScript = "\"${SRCROOT}/Pods/Target Support Files/Pods-mapsTests/Pods-mapsTests-frameworks.sh\"\n";
			showEnvVarsInLog = 0;
		};
		DFDA8821F6CCBB069A89F2D5 /* [CP] Check Pods Manifest.lock */ = {
			isa = PBXShellScriptBuildPhase;
			buildActionMask = 2147483647;
			files = (
			);
			inputPaths = (
				"${PODS_PODFILE_DIR_PATH}/Podfile.lock",
				"${PODS_ROOT}/Manifest.lock",
			);
			name = "[CP] Check Pods Manifest.lock";
			outputPaths = (
				"$(DERIVED_FILE_DIR)/Pods-mapsTests-checkManifestLockResult.txt",
			);
			runOnlyForDeploymentPostprocessing = 0;
			shellPath = /bin/sh;
			shellScript = "diff \"${PODS_PODFILE_DIR_PATH}/Podfile.lock\" \"${PODS_ROOT}/Manifest.lock\" > /dev/null\nif [ $? != 0 ] ; then\n    # print error to STDERR\n    echo \"error: The sandbox is not in sync with the Podfile.lock. Run 'pod install' or update your CocoaPods installation.\" >&2\n    exit 1\nfi\n# This output is used by Xcode 'outputs' to avoid re-running this script phase.\necho \"SUCCESS\" > \"${SCRIPT_OUTPUT_FILE_0}\"\n";
			showEnvVarsInLog = 0;
		};
		EDFAAD32CA921AC4E9D850AE /* [CP] Check Pods Manifest.lock */ = {
			isa = PBXShellScriptBuildPhase;
			buildActionMask = 2147483647;
			files = (
			);
			inputPaths = (
				"${PODS_PODFILE_DIR_PATH}/Podfile.lock",
				"${PODS_ROOT}/Manifest.lock",
			);
			name = "[CP] Check Pods Manifest.lock";
			outputPaths = (
				"$(DERIVED_FILE_DIR)/Pods-mapsUITests-checkManifestLockResult.txt",
			);
			runOnlyForDeploymentPostprocessing = 0;
			shellPath = /bin/sh;
			shellScript = "diff \"${PODS_PODFILE_DIR_PATH}/Podfile.lock\" \"${PODS_ROOT}/Manifest.lock\" > /dev/null\nif [ $? != 0 ] ; then\n    # print error to STDERR\n    echo \"error: The sandbox is not in sync with the Podfile.lock. Run 'pod install' or update your CocoaPods installation.\" >&2\n    exit 1\nfi\n# This output is used by Xcode 'outputs' to avoid re-running this script phase.\necho \"SUCCESS\" > \"${SCRIPT_OUTPUT_FILE_0}\"\n";
			showEnvVarsInLog = 0;
		};
		F4E2CC28899C0C9CCA562151 /* [CP] Copy Pods Resources */ = {
			isa = PBXShellScriptBuildPhase;
			buildActionMask = 2147483647;
			files = (
			);
			inputPaths = (
			);
			name = "[CP] Copy Pods Resources";
			outputPaths = (
			);
			runOnlyForDeploymentPostprocessing = 0;
			shellPath = /bin/sh;
			shellScript = "\"${SRCROOT}/Pods/Target Support Files/Pods-mapsUITests/Pods-mapsUITests-resources.sh\"\n";
			showEnvVarsInLog = 0;
		};
/* End PBXShellScriptBuildPhase section */

/* Begin PBXSourcesBuildPhase section */
		048634A12137ED94001F98FE /* Sources */ = {
			isa = PBXSourcesBuildPhase;
			buildActionMask = 2147483647;
			files = (
				048634AB2137ED94001F98FE /* ViewController.swift in Sources */,
				048634A92137ED94001F98FE /* AppDelegate.swift in Sources */,
			);
			runOnlyForDeploymentPostprocessing = 0;
		};
		048634B52137ED95001F98FE /* Sources */ = {
			isa = PBXSourcesBuildPhase;
			buildActionMask = 2147483647;
			files = (
				048634BE2137ED95001F98FE /* mapsTests.swift in Sources */,
			);
			runOnlyForDeploymentPostprocessing = 0;
		};
		048634C02137ED95001F98FE /* Sources */ = {
			isa = PBXSourcesBuildPhase;
			buildActionMask = 2147483647;
			files = (
				048634C92137ED95001F98FE /* mapsUITests.swift in Sources */,
			);
			runOnlyForDeploymentPostprocessing = 0;
		};
/* End PBXSourcesBuildPhase section */

/* Begin PBXTargetDependency section */
		048634BB2137ED95001F98FE /* PBXTargetDependency */ = {
			isa = PBXTargetDependency;
			target = 048634A42137ED94001F98FE /* maps */;
			targetProxy = 048634BA2137ED95001F98FE /* PBXContainerItemProxy */;
		};
		048634C62137ED95001F98FE /* PBXTargetDependency */ = {
			isa = PBXTargetDependency;
			target = 048634A42137ED94001F98FE /* maps */;
			targetProxy = 048634C52137ED95001F98FE /* PBXContainerItemProxy */;
		};
/* End PBXTargetDependency section */

/* Begin PBXVariantGroup section */
		048634AC2137ED94001F98FE /* Main.storyboard */ = {
			isa = PBXVariantGroup;
			children = (
				048634AD2137ED94001F98FE /* Base */,
			);
			name = Main.storyboard;
			sourceTree = "<group>";
		};
		048634B12137ED94001F98FE /* LaunchScreen.storyboard */ = {
			isa = PBXVariantGroup;
			children = (
				048634B22137ED94001F98FE /* Base */,
			);
			name = LaunchScreen.storyboard;
			sourceTree = "<group>";
		};
/* End PBXVariantGroup section */

/* Begin XCBuildConfiguration section */
		048634CB2137ED95001F98FE /* Debug */ = {
			isa = XCBuildConfiguration;
			buildSettings = {
				ALWAYS_SEARCH_USER_PATHS = NO;
				CLANG_ANALYZER_NONNULL = YES;
				CLANG_ANALYZER_NUMBER_OBJECT_CONVERSION = YES_AGGRESSIVE;
				CLANG_CXX_LANGUAGE_STANDARD = "gnu++14";
				CLANG_CXX_LIBRARY = "libc++";
				CLANG_ENABLE_MODULES = YES;
				CLANG_ENABLE_OBJC_ARC = YES;
				CLANG_WARN_BLOCK_CAPTURE_AUTORELEASING = YES;
				CLANG_WARN_BOOL_CONVERSION = YES;
				CLANG_WARN_COMMA = YES;
				CLANG_WARN_CONSTANT_CONVERSION = YES;
				CLANG_WARN_DIRECT_OBJC_ISA_USAGE = YES_ERROR;
				CLANG_WARN_DOCUMENTATION_COMMENTS = YES;
				CLANG_WARN_EMPTY_BODY = YES;
				CLANG_WARN_ENUM_CONVERSION = YES;
				CLANG_WARN_INFINITE_RECURSION = YES;
				CLANG_WARN_INT_CONVERSION = YES;
				CLANG_WARN_NON_LITERAL_NULL_CONVERSION = YES;
				CLANG_WARN_OBJC_LITERAL_CONVERSION = YES;
				CLANG_WARN_OBJC_ROOT_CLASS = YES_ERROR;
				CLANG_WARN_RANGE_LOOP_ANALYSIS = YES;
				CLANG_WARN_STRICT_PROTOTYPES = YES;
				CLANG_WARN_SUSPICIOUS_MOVE = YES;
				CLANG_WARN_UNGUARDED_AVAILABILITY = YES_AGGRESSIVE;
				CLANG_WARN_UNREACHABLE_CODE = YES;
				CLANG_WARN__DUPLICATE_METHOD_MATCH = YES;
				CODE_SIGN_IDENTITY = "iPhone Developer";
				COPY_PHASE_STRIP = NO;
				DEBUG_INFORMATION_FORMAT = dwarf;
				ENABLE_STRICT_OBJC_MSGSEND = YES;
				ENABLE_TESTABILITY = YES;
				GCC_C_LANGUAGE_STANDARD = gnu11;
				GCC_DYNAMIC_NO_PIC = NO;
				GCC_NO_COMMON_BLOCKS = YES;
				GCC_OPTIMIZATION_LEVEL = 0;
				GCC_PREPROCESSOR_DEFINITIONS = (
					"DEBUG=1",
					"$(inherited)",
				);
				GCC_WARN_64_TO_32_BIT_CONVERSION = YES;
				GCC_WARN_ABOUT_RETURN_TYPE = YES_ERROR;
				GCC_WARN_UNDECLARED_SELECTOR = YES;
				GCC_WARN_UNINITIALIZED_AUTOS = YES_AGGRESSIVE;
				GCC_WARN_UNUSED_FUNCTION = YES;
				GCC_WARN_UNUSED_VARIABLE = YES;
				IPHONEOS_DEPLOYMENT_TARGET = 11.2;
				MTL_ENABLE_DEBUG_INFO = YES;
				ONLY_ACTIVE_ARCH = YES;
				SDKROOT = iphoneos;
				SWIFT_ACTIVE_COMPILATION_CONDITIONS = DEBUG;
				SWIFT_OPTIMIZATION_LEVEL = "-Onone";
			};
			name = Debug;
		};
		048634CC2137ED95001F98FE /* Release */ = {
			isa = XCBuildConfiguration;
			buildSettings = {
				ALWAYS_SEARCH_USER_PATHS = NO;
				CLANG_ANALYZER_NONNULL = YES;
				CLANG_ANALYZER_NUMBER_OBJECT_CONVERSION = YES_AGGRESSIVE;
				CLANG_CXX_LANGUAGE_STANDARD = "gnu++14";
				CLANG_CXX_LIBRARY = "libc++";
				CLANG_ENABLE_MODULES = YES;
				CLANG_ENABLE_OBJC_ARC = YES;
				CLANG_WARN_BLOCK_CAPTURE_AUTORELEASING = YES;
				CLANG_WARN_BOOL_CONVERSION = YES;
				CLANG_WARN_COMMA = YES;
				CLANG_WARN_CONSTANT_CONVERSION = YES;
				CLANG_WARN_DIRECT_OBJC_ISA_USAGE = YES_ERROR;
				CLANG_WARN_DOCUMENTATION_COMMENTS = YES;
				CLANG_WARN_EMPTY_BODY = YES;
				CLANG_WARN_ENUM_CONVERSION = YES;
				CLANG_WARN_INFINITE_RECURSION = YES;
				CLANG_WARN_INT_CONVERSION = YES;
				CLANG_WARN_NON_LITERAL_NULL_CONVERSION = YES;
				CLANG_WARN_OBJC_LITERAL_CONVERSION = YES;
				CLANG_WARN_OBJC_ROOT_CLASS = YES_ERROR;
				CLANG_WARN_RANGE_LOOP_ANALYSIS = YES;
				CLANG_WARN_STRICT_PROTOTYPES = YES;
				CLANG_WARN_SUSPICIOUS_MOVE = YES;
				CLANG_WARN_UNGUARDED_AVAILABILITY = YES_AGGRESSIVE;
				CLANG_WARN_UNREACHABLE_CODE = YES;
				CLANG_WARN__DUPLICATE_METHOD_MATCH = YES;
				CODE_SIGN_IDENTITY = "iPhone Developer";
				COPY_PHASE_STRIP = NO;
				DEBUG_INFORMATION_FORMAT = "dwarf-with-dsym";
				ENABLE_NS_ASSERTIONS = NO;
				ENABLE_STRICT_OBJC_MSGSEND = YES;
				GCC_C_LANGUAGE_STANDARD = gnu11;
				GCC_NO_COMMON_BLOCKS = YES;
				GCC_WARN_64_TO_32_BIT_CONVERSION = YES;
				GCC_WARN_ABOUT_RETURN_TYPE = YES_ERROR;
				GCC_WARN_UNDECLARED_SELECTOR = YES;
				GCC_WARN_UNINITIALIZED_AUTOS = YES_AGGRESSIVE;
				GCC_WARN_UNUSED_FUNCTION = YES;
				GCC_WARN_UNUSED_VARIABLE = YES;
				IPHONEOS_DEPLOYMENT_TARGET = 11.2;
				MTL_ENABLE_DEBUG_INFO = NO;
				SDKROOT = iphoneos;
				SWIFT_OPTIMIZATION_LEVEL = "-Owholemodule";
				VALIDATE_PRODUCT = YES;
			};
			name = Release;
		};
		048634CE2137ED95001F98FE /* Debug */ = {
			isa = XCBuildConfiguration;
			baseConfigurationReference = 0763FCD13893C85180156A26 /* Pods-maps.debug.xcconfig */;
			buildSettings = {
				ASSETCATALOG_COMPILER_APPICON_NAME = AppIcon;
				CODE_SIGN_STYLE = Automatic;
				INFOPLIST_FILE = maps/Info.plist;
				LD_RUNPATH_SEARCH_PATHS = "$(inherited) @executable_path/Frameworks";
				PRODUCT_BUNDLE_IDENTIFIER = institute.maps;
				PRODUCT_NAME = "$(TARGET_NAME)";
				SWIFT_VERSION = 4.0;
				TARGETED_DEVICE_FAMILY = "1,2";
			};
			name = Debug;
		};
		048634CF2137ED95001F98FE /* Release */ = {
			isa = XCBuildConfiguration;
			baseConfigurationReference = FB06FF6DEC6BE6926A3D1122 /* Pods-maps.release.xcconfig */;
			buildSettings = {
				ASSETCATALOG_COMPILER_APPICON_NAME = AppIcon;
				CODE_SIGN_STYLE = Automatic;
				INFOPLIST_FILE = maps/Info.plist;
				LD_RUNPATH_SEARCH_PATHS = "$(inherited) @executable_path/Frameworks";
				PRODUCT_BUNDLE_IDENTIFIER = institute.maps;
				PRODUCT_NAME = "$(TARGET_NAME)";
				SWIFT_VERSION = 4.0;
				TARGETED_DEVICE_FAMILY = "1,2";
			};
			name = Release;
		};
		048634D12137ED95001F98FE /* Debug */ = {
			isa = XCBuildConfiguration;
			baseConfigurationReference = 848BD3150DCC788B1C2EFF0C /* Pods-mapsTests.debug.xcconfig */;
			buildSettings = {
				ALWAYS_EMBED_SWIFT_STANDARD_LIBRARIES = YES;
				BUNDLE_LOADER = "$(TEST_HOST)";
				CODE_SIGN_STYLE = Automatic;
				INFOPLIST_FILE = mapsTests/Info.plist;
				LD_RUNPATH_SEARCH_PATHS = "$(inherited) @executable_path/Frameworks @loader_path/Frameworks";
				PRODUCT_BUNDLE_IDENTIFIER = institute.mapsTests;
				PRODUCT_NAME = "$(TARGET_NAME)";
				SWIFT_VERSION = 4.0;
				TARGETED_DEVICE_FAMILY = "1,2";
				TEST_HOST = "$(BUILT_PRODUCTS_DIR)/maps.app/maps";
			};
			name = Debug;
		};
		048634D22137ED95001F98FE /* Release */ = {
			isa = XCBuildConfiguration;
			baseConfigurationReference = 00AF19AE96F2ECF6A98C26DD /* Pods-mapsTests.release.xcconfig */;
			buildSettings = {
				ALWAYS_EMBED_SWIFT_STANDARD_LIBRARIES = YES;
				BUNDLE_LOADER = "$(TEST_HOST)";
				CODE_SIGN_STYLE = Automatic;
				INFOPLIST_FILE = mapsTests/Info.plist;
				LD_RUNPATH_SEARCH_PATHS = "$(inherited) @executable_path/Frameworks @loader_path/Frameworks";
				PRODUCT_BUNDLE_IDENTIFIER = institute.mapsTests;
				PRODUCT_NAME = "$(TARGET_NAME)";
				SWIFT_VERSION = 4.0;
				TARGETED_DEVICE_FAMILY = "1,2";
				TEST_HOST = "$(BUILT_PRODUCTS_DIR)/maps.app/maps";
			};
			name = Release;
		};
		048634D42137ED95001F98FE /* Debug */ = {
			isa = XCBuildConfiguration;
			baseConfigurationReference = DD6699554EAC4B7FA8D2EE9D /* Pods-mapsUITests.debug.xcconfig */;
			buildSettings = {
				ALWAYS_EMBED_SWIFT_STANDARD_LIBRARIES = YES;
				CODE_SIGN_STYLE = Automatic;
				INFOPLIST_FILE = mapsUITests/Info.plist;
				LD_RUNPATH_SEARCH_PATHS = "$(inherited) @executable_path/Frameworks @loader_path/Frameworks";
				PRODUCT_BUNDLE_IDENTIFIER = institute.mapsUITests;
				PRODUCT_NAME = "$(TARGET_NAME)";
				SWIFT_VERSION = 4.0;
				TARGETED_DEVICE_FAMILY = "1,2";
				TEST_TARGET_NAME = maps;
			};
			name = Debug;
		};
		048634D52137ED95001F98FE /* Release */ = {
			isa = XCBuildConfiguration;
			baseConfigurationReference = 07E662714ACC3DD766716227 /* Pods-mapsUITests.release.xcconfig */;
			buildSettings = {
				ALWAYS_EMBED_SWIFT_STANDARD_LIBRARIES = YES;
				CODE_SIGN_STYLE = Automatic;
				INFOPLIST_FILE = mapsUITests/Info.plist;
				LD_RUNPATH_SEARCH_PATHS = "$(inherited) @executable_path/Frameworks @loader_path/Frameworks";
				PRODUCT_BUNDLE_IDENTIFIER = institute.mapsUITests;
				PRODUCT_NAME = "$(TARGET_NAME)";
				SWIFT_VERSION = 4.0;
				TARGETED_DEVICE_FAMILY = "1,2";
				TEST_TARGET_NAME = maps;
			};
			name = Release;
		};
/* End XCBuildConfiguration section */

/* Begin XCConfigurationList section */
		048634A02137ED94001F98FE /* Build configuration list for PBXProject "maps" */ = {
			isa = XCConfigurationList;
			buildConfigurations = (
				048634CB2137ED95001F98FE /* Debug */,
				048634CC2137ED95001F98FE /* Release */,
			);
			defaultConfigurationIsVisible = 0;
			defaultConfigurationName = Release;
		};
		048634CD2137ED95001F98FE /* Build configuration list for PBXNativeTarget "maps" */ = {
			isa = XCConfigurationList;
			buildConfigurations = (
				048634CE2137ED95001F98FE /* Debug */,
				048634CF2137ED95001F98FE /* Release */,
			);
			defaultConfigurationIsVisible = 0;
			defaultConfigurationName = Release;
		};
		048634D02137ED95001F98FE /* Build configuration list for PBXNativeTarget "mapsTests" */ = {
			isa = XCConfigurationList;
			buildConfigurations = (
				048634D12137ED95001F98FE /* Debug */,
				048634D22137ED95001F98FE /* Release */,
			);
			defaultConfigurationIsVisible = 0;
			defaultConfigurationName = Release;
		};
		048634D32137ED95001F98FE /* Build configuration list for PBXNativeTarget "mapsUITests" */ = {
			isa = XCConfigurationList;
			buildConfigurations = (
				048634D42137ED95001F98FE /* Debug */,
				048634D52137ED95001F98FE /* Release */,
			);
			defaultConfigurationIsVisible = 0;
			defaultConfigurationName = Release;
		};
/* End XCConfigurationList section */
	};
	rootObject = 0486349D2137ED94001F98FE /* Project object */;
}
